// !$*UTF8*$!
{
	archiveVersion = 1;
	classes = {
	};
	objectVersion = 50;
	objects = {

/* Begin PBXBuildFile section */
		9AFAB7D725E7F43100FBBF68 /* AppDelegate.swift in Sources */ = {isa = PBXBuildFile; fileRef = 9AFAB7D625E7F43100FBBF68 /* AppDelegate.swift */; };
		9AFAB7D925E7F43100FBBF68 /* SceneDelegate.swift in Sources */ = {isa = PBXBuildFile; fileRef = 9AFAB7D825E7F43100FBBF68 /* SceneDelegate.swift */; };
		9AFAB7DB25E7F43100FBBF68 /* ViewController.swift in Sources */ = {isa = PBXBuildFile; fileRef = 9AFAB7DA25E7F43100FBBF68 /* ViewController.swift */; };
		9AFAB7DE25E7F43100FBBF68 /* Main.storyboard in Resources */ = {isa = PBXBuildFile; fileRef = 9AFAB7DC25E7F43100FBBF68 /* Main.storyboard */; };
		9AFAB7E025E7F43400FBBF68 /* Assets.xcassets in Resources */ = {isa = PBXBuildFile; fileRef = 9AFAB7DF25E7F43400FBBF68 /* Assets.xcassets */; };
		9AFAB7E325E7F43400FBBF68 /* LaunchScreen.storyboard in Resources */ = {isa = PBXBuildFile; fileRef = 9AFAB7E125E7F43400FBBF68 /* LaunchScreen.storyboard */; };
		9AFAB7F025E7F5D300FBBF68 /* OuterTableViewCell.swift in Sources */ = {isa = PBXBuildFile; fileRef = 9AFAB7EF25E7F5D300FBBF68 /* OuterTableViewCell.swift */; };
		9AFAB7F325E7F61500FBBF68 /* InnerTableViewCell.swift in Sources */ = {isa = PBXBuildFile; fileRef = 9AFAB7F225E7F61500FBBF68 /* InnerTableViewCell.swift */; };
/* End PBXBuildFile section */

/* Begin PBXFileReference section */
		9AFAB7D325E7F43100FBBF68 /* SectionWithCardView.app */ = {isa = PBXFileReference; explicitFileType = wrapper.application; includeInIndex = 0; path = SectionWithCardView.app; sourceTree = BUILT_PRODUCTS_DIR; };
		9AFAB7D625E7F43100FBBF68 /* AppDelegate.swift */ = {isa = PBXFileReference; lastKnownFileType = sourcecode.swift; path = AppDelegate.swift; sourceTree = "<group>"; };
		9AFAB7D825E7F43100FBBF68 /* SceneDelegate.swift */ = {isa = PBXFileReference; lastKnownFileType = sourcecode.swift; path = SceneDelegate.swift; sourceTree = "<group>"; };
		9AFAB7DA25E7F43100FBBF68 /* ViewController.swift */ = {isa = PBXFileReference; lastKnownFileType = sourcecode.swift; path = ViewController.swift; sourceTree = "<group>"; };
		9AFAB7DD25E7F43100FBBF68 /* Base */ = {isa = PBXFileReference; lastKnownFileType = file.storyboard; name = Base; path = Base.lproj/Main.storyboard; sourceTree = "<group>"; };
		9AFAB7DF25E7F43400FBBF68 /* Assets.xcassets */ = {isa = PBXFileReference; lastKnownFileType = folder.assetcatalog; path = Assets.xcassets; sourceTree = "<group>"; };
		9AFAB7E225E7F43400FBBF68 /* Base */ = {isa = PBXFileReference; lastKnownFileType = file.storyboard; name = Base; path = Base.lproj/LaunchScreen.storyboard; sourceTree = "<group>"; };
		9AFAB7E425E7F43400FBBF68 /* Info.plist */ = {isa = PBXFileReference; lastKnownFileType = text.plist.xml; path = Info.plist; sourceTree = "<group>"; };
		9AFAB7EF25E7F5D300FBBF68 /* OuterTableViewCell.swift */ = {isa = PBXFileReference; lastKnownFileType = sourcecode.swift; path = OuterTableViewCell.swift; sourceTree = "<group>"; };
		9AFAB7F225E7F61500FBBF68 /* InnerTableViewCell.swift */ = {isa = PBXFileReference; lastKnownFileType = sourcecode.swift; path = InnerTableViewCell.swift; sourceTree = "<group>"; };
/* End PBXFileReference section */

/* Begin PBXFrameworksBuildPhase section */
		9AFAB7D025E7F43100FBBF68 /* Frameworks */ = {
			isa = PBXFrameworksBuildPhase;
			buildActionMask = 2147483647;
			files = (
			);
			runOnlyForDeploymentPostprocessing = 0;
		};
/* End PBXFrameworksBuildPhase section */

/* Begin PBXGroup section */
		9AFAB7CA25E7F43100FBBF68 = {
			isa = PBXGroup;
			children = (
				9AFAB7D525E7F43100FBBF68 /* SectionWithCardView */,
				9AFAB7D425E7F43100FBBF68 /* Products */,
			);
			sourceTree = "<group>";
		};
		9AFAB7D425E7F43100FBBF68 /* Products */ = {
			isa = PBXGroup;
			children = (
				9AFAB7D325E7F43100FBBF68 /* SectionWithCardView.app */,
			);
			name = Products;
			sourceTree = "<group>";
		};
		9AFAB7D525E7F43100FBBF68 /* SectionWithCardView */ = {
			isa = PBXGroup;
			children = (
				9AFAB7D625E7F43100FBBF68 /* AppDelegate.swift */,
				9AFAB7D825E7F43100FBBF68 /* SceneDelegate.swift */,
				9AFAB7DA25E7F43100FBBF68 /* ViewController.swift */,
				9AFAB7DC25E7F43100FBBF68 /* Main.storyboard */,
				9AFAB7EF25E7F5D300FBBF68 /* OuterTableViewCell.swift */,
				9AFAB7F225E7F61500FBBF68 /* InnerTableViewCell.swift */,
				9AFAB7DF25E7F43400FBBF68 /* Assets.xcassets */,
				9AFAB7E125E7F43400FBBF68 /* LaunchScreen.storyboard */,
				9AFAB7E425E7F43400FBBF68 /* Info.plist */,
			);
			path = SectionWithCardView;
			sourceTree = "<group>";
		};
/* End PBXGroup section */

/* Begin PBXNativeTarget section */
		9AFAB7D225E7F43100FBBF68 /* SectionWithCardView */ = {
			isa = PBXNativeTarget;
			buildConfigurationList = 9AFAB7E725E7F43400FBBF68 /* Build configuration list for PBXNativeTarget "SectionWithCardView" */;
			buildPhases = (
				9AFAB7CF25E7F43100FBBF68 /* Sources */,
				9AFAB7D025E7F43100FBBF68 /* Frameworks */,
				9AFAB7D125E7F43100FBBF68 /* Resources */,
			);
			buildRules = (
			);
			dependencies = (
			);
			name = SectionWithCardView;
			productName = SectionWithCardView;
			productReference = 9AFAB7D325E7F43100FBBF68 /* SectionWithCardView.app */;
			productType = "com.apple.product-type.application";
		};
/* End PBXNativeTarget section */

/* Begin PBXProject section */
		9AFAB7CB25E7F43100FBBF68 /* Project object */ = {
			isa = PBXProject;
			attributes = {
				LastSwiftUpdateCheck = 1230;
				LastUpgradeCheck = 1230;
				TargetAttributes = {
					9AFAB7D225E7F43100FBBF68 = {
						CreatedOnToolsVersion = 12.3;
					};
				};
			};
			buildConfigurationList = 9AFAB7CE25E7F43100FBBF68 /* Build configuration list for PBXProject "SectionWithCardView" */;
			compatibilityVersion = "Xcode 9.3";
			developmentRegion = en;
			hasScannedForEncodings = 0;
			knownRegions = (
				en,
				Base,
			);
			mainGroup = 9AFAB7CA25E7F43100FBBF68;
			productRefGroup = 9AFAB7D425E7F43100FBBF68 /* Products */;
			projectDirPath = "";
			projectRoot = "";
			targets = (
				9AFAB7D225E7F43100FBBF68 /* SectionWithCardView */,
			);
		};
/* End PBXProject section */

/* Begin PBXResourcesBuildPhase section */
		9AFAB7D125E7F43100FBBF68 /* Resources */ = {
			isa = PBXResourcesBuildPhase;
			buildActionMask = 2147483647;
			files = (
				9AFAB7E325E7F43400FBBF68 /* LaunchScreen.storyboard in Resources */,
				9AFAB7E025E7F43400FBBF68 /* Assets.xcassets in Resources */,
				9AFAB7DE25E7F43100FBBF68 /* Main.storyboard in Resources */,
			);
			runOnlyForDeploymentPostprocessing = 0;
		};
/* End PBXResourcesBuildPhase section */

/* Begin PBXSourcesBuildPhase section */
		9AFAB7CF25E7F43100FBBF68 /* Sources */ = {
			isa = PBXSourcesBuildPhase;
			buildActionMask = 2147483647;
			files = (
				9AFAB7DB25E7F43100FBBF68 /* ViewController.swift in Sources */,
				9AFAB7F025E7F5D300FBBF68 /* OuterTableViewCell.swift in Sources */,
				9AFAB7D725E7F43100FBBF68 /* AppDelegate.swift in Sources */,
				9AFAB7D925E7F43100FBBF68 /* SceneDelegate.swift in Sources */,
				9AFAB7F325E7F61500FBBF68 /* InnerTableViewCell.swift in Sources */,
			);
			runOnlyForDeploymentPostprocessing = 0;
		};
/* End PBXSourcesBuildPhase section */

/* Begin PBXVariantGroup section */
		9AFAB7DC25E7F43100FBBF68 /* Main.storyboard */ = {
			isa = PBXVariantGroup;
			children = (
				9AFAB7DD25E7F43100FBBF68 /* Base */,
			);
			name = Main.storyboard;
			sourceTree = "<group>";
		};
		9AFAB7E125E7F43400FBBF68 /* LaunchScreen.storyboard */ = {
			isa = PBXVariantGroup;
			children = (
				9AFAB7E225E7F43400FBBF68 /* Base */,
			);
			name = LaunchScreen.storyboard;
			sourceTree = "<group>";
		};
/* End PBXVariantGroup section */

/* Begin XCBuildConfiguration section */
		9AFAB7E525E7F43400FBBF68 /* Debug */ = {
			isa = XCBuildConfiguration;
			buildSettings = {
				ALWAYS_SEARCH_USER_PATHS = NO;
				CLANG_ANALYZER_NONNULL = YES;
				CLANG_ANALYZER_NUMBER_OBJECT_CONVERSION = YES_AGGRESSIVE;
				CLANG_CXX_LANGUAGE_STANDARD = "gnu++14";
				CLANG_CXX_LIBRARY = "libc++";
				CLANG_ENABLE_MODULES = YES;
				CLANG_ENABLE_OBJC_ARC = YES;
				CLANG_ENABLE_OBJC_WEAK = YES;
				CLANG_WARN_BLOCK_CAPTURE_AUTORELEASING = YES;
				CLANG_WARN_BOOL_CONVERSION = YES;
				CLANG_WARN_COMMA = YES;
				CLANG_WARN_CONSTANT_CONVERSION = YES;
				CLANG_WARN_DEPRECATED_OBJC_IMPLEMENTATIONS = YES;
				CLANG_WARN_DIRECT_OBJC_ISA_USAGE = YES_ERROR;
				CLANG_WARN_DOCUMENTATION_COMMENTS = YES;
				CLANG_WARN_EMPTY_BODY = YES;
				CLANG_WARN_ENUM_CONVERSION = YES;
				CLANG_WARN_INFINITE_RECURSION = YES;
				CLANG_WARN_INT_CONVERSION = YES;
				CLANG_WARN_NON_LITERAL_NULL_CONVERSION = YES;
				CLANG_WARN_OBJC_IMPLICIT_RETAIN_SELF = YES;
				CLANG_WARN_OBJC_LITERAL_CONVERSION = YES;
				CLANG_WARN_OBJC_ROOT_CLASS = YES_ERROR;
				CLANG_WARN_QUOTED_INCLUDE_IN_FRAMEWORK_HEADER = YES;
				CLANG_WARN_RANGE_LOOP_ANALYSIS = YES;
				CLANG_WARN_STRICT_PROTOTYPES = YES;
				CLANG_WARN_SUSPICIOUS_MOVE = YES;
				CLANG_WARN_UNGUARDED_AVAILABILITY = YES_AGGRESSIVE;
				CLANG_WARN_UNREACHABLE_CODE = YES;
				CLANG_WARN__DUPLICATE_METHOD_MATCH = YES;
				COPY_PHASE_STRIP = NO;
				DEBUG_INFORMATION_FORMAT = dwarf;
				ENABLE_STRICT_OBJC_MSGSEND = YES;
				ENABLE_TESTABILITY = YES;
				GCC_C_LANGUAGE_STANDARD = gnu11;
				GCC_DYNAMIC_NO_PIC = NO;
				GCC_NO_COMMON_BLOCKS = YES;
				GCC_OPTIMIZATION_LEVEL = 0;
				GCC_PREPROCESSOR_DEFINITIONS = (
					"DEBUG=1",
					"$(inherited)",
				);
				GCC_WARN_64_TO_32_BIT_CONVERSION = YES;
				GCC_WARN_ABOUT_RETURN_TYPE = YES_ERROR;
				GCC_WARN_UNDECLARED_SELECTOR = YES;
				GCC_WARN_UNINITIALIZED_AUTOS = YES_AGGRESSIVE;
				GCC_WARN_UNUSED_FUNCTION = YES;
				GCC_WARN_UNUSED_VARIABLE = YES;
				IPHONEOS_DEPLOYMENT_TARGET = 14.3;
				MTL_ENABLE_DEBUG_INFO = INCLUDE_SOURCE;
				MTL_FAST_MATH = YES;
				ONLY_ACTIVE_ARCH = YES;
				SDKROOT = iphoneos;
				SWIFT_ACTIVE_COMPILATION_CONDITIONS = DEBUG;
				SWIFT_OPTIMIZATION_LEVEL = "-Onone";
			};
			name = Debug;
		};
		9AFAB7E625E7F43400FBBF68 /* Release */ = {
			isa = XCBuildConfiguration;
			buildSettings = {
				ALWAYS_SEARCH_USER_PATHS = NO;
				CLANG_ANALYZER_NONNULL = YES;
				CLANG_ANALYZER_NUMBER_OBJECT_CONVERSION = YES_AGGRESSIVE;
				CLANG_CXX_LANGUAGE_STANDARD = "gnu++14";
				CLANG_CXX_LIBRARY = "libc++";
				CLANG_ENABLE_MODULES = YES;
				CLANG_ENABLE_OBJC_ARC = YES;
				CLANG_ENABLE_OBJC_WEAK = YES;
				CLANG_WARN_BLOCK_CAPTURE_AUTORELEASING = YES;
				CLANG_WARN_BOOL_CONVERSION = YES;
				CLANG_WARN_COMMA = YES;
				CLANG_WARN_CONSTANT_CONVERSION = YES;
				CLANG_WARN_DEPRECATED_OBJC_IMPLEMENTATIONS = YES;
				CLANG_WARN_DIRECT_OBJC_ISA_USAGE = YES_ERROR;
				CLANG_WARN_DOCUMENTATION_COMMENTS = YES;
				CLANG_WARN_EMPTY_BODY = YES;
				CLANG_WARN_ENUM_CONVERSION = YES;
				CLANG_WARN_INFINITE_RECURSION = YES;
				CLANG_WARN_INT_CONVERSION = YES;
				CLANG_WARN_NON_LITERAL_NULL_CONVERSION = YES;
				CLANG_WARN_OBJC_IMPLICIT_RETAIN_SELF = YES;
				CLANG_WARN_OBJC_LITERAL_CONVERSION = YES;
				CLANG_WARN_OBJC_ROOT_CLASS = YES_ERROR;
				CLANG_WARN_QUOTED_INCLUDE_IN_FRAMEWORK_HEADER = YES;
				CLANG_WARN_RANGE_LOOP_ANALYSIS = YES;
				CLANG_WARN_STRICT_PROTOTYPES = YES;
				CLANG_WARN_SUSPICIOUS_MOVE = YES;
				CLANG_WARN_UNGUARDED_AVAILABILITY = YES_AGGRESSIVE;
				CLANG_WARN_UNREACHABLE_CODE = YES;
				CLANG_WARN__DUPLICATE_METHOD_MATCH = YES;
				COPY_PHASE_STRIP = NO;
				DEBUG_INFORMATION_FORMAT = "dwarf-with-dsym";
				ENABLE_NS_ASSERTIONS = NO;
				ENABLE_STRICT_OBJC_MSGSEND = YES;
				GCC_C_LANGUAGE_STANDARD = gnu11;
				GCC_NO_COMMON_BLOCKS = YES;
				GCC_WARN_64_TO_32_BIT_CONVERSION = YES;
				GCC_WARN_ABOUT_RETURN_TYPE = YES_ERROR;
				GCC_WARN_UNDECLARED_SELECTOR = YES;
				GCC_WARN_UNINITIALIZED_AUTOS = YES_AGGRESSIVE;
				GCC_WARN_UNUSED_FUNCTION = YES;
				GCC_WARN_UNUSED_VARIABLE = YES;
				IPHONEOS_DEPLOYMENT_TARGET = 14.3;
				MTL_ENABLE_DEBUG_INFO = NO;
				MTL_FAST_MATH = YES;
				SDKROOT = iphoneos;
				SWIFT_COMPILATION_MODE = wholemodule;
				SWIFT_OPTIMIZATION_LEVEL = "-O";
				VALIDATE_PRODUCT = YES;
			};
			name = Release;
		};
		9AFAB7E825E7F43400FBBF68 /* Debug */ = {
			isa = XCBuildConfiguration;
			buildSettings = {
				ASSETCATALOG_COMPILER_APPICON_NAME = AppIcon;
				ASSETCATALOG_COMPILER_GLOBAL_ACCENT_COLOR_NAME = AccentColor;
				CODE_SIGN_STYLE = Automatic;
				INFOPLIST_FILE = SectionWithCardView/Info.plist;
				LD_RUNPATH_SEARCH_PATHS = (
					"$(inherited)",
					"@executable_path/Frameworks",
				);
				PRODUCT_BUNDLE_IDENTIFIER = sridharan.SectionWithCardView;
				PRODUCT_NAME = "$(TARGET_NAME)";
				SWIFT_VERSION = 5.0;
				TARGETED_DEVICE_FAMILY = "1,2";
			};
			name = Debug;
		};
		9AFAB7E925E7F43400FBBF68 /* Release */ = {
			isa = XCBuildConfiguration;
			buildSettings = {
				ASSETCATALOG_COMPILER_APPICON_NAME = AppIcon;
				ASSETCATALOG_COMPILER_GLOBAL_ACCENT_COLOR_NAME = AccentColor;
				CODE_SIGN_STYLE = Automatic;
				INFOPLIST_FILE = SectionWithCardView/Info.plist;
				LD_RUNPATH_SEARCH_PATHS = (
					"$(inherited)",
					"@executable_path/Frameworks",
				);
				PRODUCT_BUNDLE_IDENTIFIER = sridharan.SectionWithCardView;
				PRODUCT_NAME = "$(TARGET_NAME)";
				SWIFT_VERSION = 5.0;
				TARGETED_DEVICE_FAMILY = "1,2";
			};
			name = Release;
		};
/* End XCBuildConfiguration section */

/* Begin XCConfigurationList section */
		9AFAB7CE25E7F43100FBBF68 /* Build configuration list for PBXProject "SectionWithCardView" */ = {
			isa = XCConfigurationList;
			buildConfigurations = (
				9AFAB7E525E7F43400FBBF68 /* Debug */,
				9AFAB7E625E7F43400FBBF68 /* Release */,
			);
			defaultConfigurationIsVisible = 0;
			defaultConfigurationName = Release;
		};
		9AFAB7E725E7F43400FBBF68 /* Build configuration list for PBXNativeTarget "SectionWithCardView" */ = {
			isa = XCConfigurationList;
			buildConfigurations = (
				9AFAB7E825E7F43400FBBF68 /* Debug */,
				9AFAB7E925E7F43400FBBF68 /* Release */,
			);
			defaultConfigurationIsVisible = 0;
			defaultConfigurationName = Release;
		};
/* End XCConfigurationList section */
	};
	rootObject = 9AFAB7CB25E7F43100FBBF68 /* Project object */;
}
